
Microsoft Visual Studio Solution File, Format Version 12.00
# Visual Studio 14
VisualStudioVersion = 14.0.25420.1
MinimumVisualStudioVersion = 10.0.40219.1
Project("{FAE04EC0-301F-11D3-BF4B-00C04F79EFBC}") = "SatPC32 Cloudlog Interface", "SatPC32 Cloudlog Interface\SatPC32 Cloudlog Interface.csproj", "{81AFFE01-F15F-45DA-8378-DC697CD4D2F1}"
EndProject
Global
	GlobalSection(SolutionConfigurationPlatforms) = preSolution
		Debug|Any CPU = Debug|Any CPU
		Release|Any CPU = Release|Any CPU
	EndGlobalSection
	GlobalSection(ProjectConfigurationPlatforms) = postSolution
		{81AFFE01-F15F-45DA-8378-DC697CD4D2F1}.Debug|Any CPU.ActiveCfg = Debug|Any CPU
		{81AFFE01-F15F-45DA-8378-DC697CD4D2F1}.Debug|Any CPU.Build.0 = Debug|Any CPU
		{81AFFE01-F15F-45DA-8378-DC697CD4D2F1}.Release|Any CPU.ActiveCfg = Release|Any CPU
		{81AFFE01-F15F-45DA-8378-DC697CD4D2F1}.Release|Any CPU.Build.0 = Release|Any CPU
		{81AFFE01-F15F-45DA-8378-DC697CD4D2F1}.Release|Any CPU.Deploy.0 = Release|Any CPU
	EndGlobalSection
	GlobalSection(SolutionProperties) = preSolution
		HideSolutionNode = FALSE
	EndGlobalSection
EndGlobal
